
Microsoft Visual Studio Solution File, Format Version 12.00
# Visual Studio Version 17
VisualStudioVersion = 17.7.34221.43
MinimumVisualStudioVersion = 10.0.40219.1
Project("{FAE04EC0-301F-11D3-BF4B-00C04F79EFBC}") = "loop fib", "loop fib\loop fib.csproj", "{56E334D8-B1E6-4A79-BB60-5A50D986BE65}"
EndProject
Global
	GlobalSection(SolutionConfigurationPlatforms) = preSolution
		Debug|Any CPU = Debug|Any CPU
		Release|Any CPU = Release|Any CPU
	EndGlobalSection
	GlobalSection(ProjectConfigurationPlatforms) = postSolution
		{56E334D8-B1E6-4A79-BB60-5A50D986BE65}.Debug|Any CPU.ActiveCfg = Debug|Any CPU
		{56E334D8-B1E6-4A79-BB60-5A50D986BE65}.Debug|Any CPU.Build.0 = Debug|Any CPU
		{56E334D8-B1E6-4A79-BB60-5A50D986BE65}.Release|Any CPU.ActiveCfg = Release|Any CPU
		{56E334D8-B1E6-4A79-BB60-5A50D986BE65}.Release|Any CPU.Build.0 = Release|Any CPU
	EndGlobalSection
	GlobalSection(SolutionProperties) = preSolution
		HideSolutionNode = FALSE
	EndGlobalSection
	GlobalSection(ExtensibilityGlobals) = postSolution
		SolutionGuid = {2463D70E-8E7F-4184-A296-B24930EAA785}
	EndGlobalSection
EndGlobal
