
Microsoft Visual Studio Solution File, Format Version 12.00
# Visual Studio Version 17
VisualStudioVersion = 17.7.34221.43
MinimumVisualStudioVersion = 10.0.40219.1
Project("{FAE04EC0-301F-11D3-BF4B-00C04F79EFBC}") = "array", "array\array.csproj", "{5A7C4501-B845-48AB-87C3-8B5383A3E322}"
EndProject
Global
	GlobalSection(SolutionConfigurationPlatforms) = preSolution
		Debug|Any CPU = Debug|Any CPU
		Release|Any CPU = Release|Any CPU
	EndGlobalSection
	GlobalSection(ProjectConfigurationPlatforms) = postSolution
		{5A7C4501-B845-48AB-87C3-8B5383A3E322}.Debug|Any CPU.ActiveCfg = Debug|Any CPU
		{5A7C4501-B845-48AB-87C3-8B5383A3E322}.Debug|Any CPU.Build.0 = Debug|Any CPU
		{5A7C4501-B845-48AB-87C3-8B5383A3E322}.Release|Any CPU.ActiveCfg = Release|Any CPU
		{5A7C4501-B845-48AB-87C3-8B5383A3E322}.Release|Any CPU.Build.0 = Release|Any CPU
	EndGlobalSection
	GlobalSection(SolutionProperties) = preSolution
		HideSolutionNode = FALSE
	EndGlobalSection
	GlobalSection(ExtensibilityGlobals) = postSolution
		SolutionGuid = {F32C2D6D-32BE-4EAA-9947-014134E4F4A0}
	EndGlobalSection
EndGlobal
