
Microsoft Visual Studio Solution File, Format Version 12.00
# Visual Studio Version 17
VisualStudioVersion = 17.7.34221.43
MinimumVisualStudioVersion = 10.0.40219.1
Project("{FAE04EC0-301F-11D3-BF4B-00C04F79EFBC}") = "part 5", "part 5\part 5.csproj", "{DB1D10F0-B136-4608-B393-6EF6FF09F15A}"
EndProject
Global
	GlobalSection(SolutionConfigurationPlatforms) = preSolution
		Debug|Any CPU = Debug|Any CPU
		Release|Any CPU = Release|Any CPU
	EndGlobalSection
	GlobalSection(ProjectConfigurationPlatforms) = postSolution
		{DB1D10F0-B136-4608-B393-6EF6FF09F15A}.Debug|Any CPU.ActiveCfg = Debug|Any CPU
		{DB1D10F0-B136-4608-B393-6EF6FF09F15A}.Debug|Any CPU.Build.0 = Debug|Any CPU
		{DB1D10F0-B136-4608-B393-6EF6FF09F15A}.Release|Any CPU.ActiveCfg = Release|Any CPU
		{DB1D10F0-B136-4608-B393-6EF6FF09F15A}.Release|Any CPU.Build.0 = Release|Any CPU
	EndGlobalSection
	GlobalSection(SolutionProperties) = preSolution
		HideSolutionNode = FALSE
	EndGlobalSection
	GlobalSection(ExtensibilityGlobals) = postSolution
		SolutionGuid = {717387E7-F37E-489D-BC99-27E7D3D4B40A}
	EndGlobalSection
EndGlobal
